// !$*UTF8*$!
{
	archiveVersion = 1;
	classes = {
	};
	objectVersion = 46;
	objects = {

/* Begin PBXBuildFile section */
		9F00C7871DD8A54700E982A1 /* AppDelegate.swift in Sources */ = {isa = PBXBuildFile; fileRef = 9F00C7861DD8A54700E982A1 /* AppDelegate.swift */; };
		9F00C7891DD8A54700E982A1 /* ViewController.swift in Sources */ = {isa = PBXBuildFile; fileRef = 9F00C7881DD8A54700E982A1 /* ViewController.swift */; };
		9F00C78C1DD8A54700E982A1 /* Main.storyboard in Resources */ = {isa = PBXBuildFile; fileRef = 9F00C78A1DD8A54700E982A1 /* Main.storyboard */; };
		9F00C78E1DD8A54700E982A1 /* Assets.xcassets in Resources */ = {isa = PBXBuildFile; fileRef = 9F00C78D1DD8A54700E982A1 /* Assets.xcassets */; };
		9F00C7911DD8A54700E982A1 /* LaunchScreen.storyboard in Resources */ = {isa = PBXBuildFile; fileRef = 9F00C78F1DD8A54700E982A1 /* LaunchScreen.storyboard */; };
		9F00C7991DD8A6A600E982A1 /* PlayItem.swift in Sources */ = {isa = PBXBuildFile; fileRef = 9F00C7981DD8A6A600E982A1 /* PlayItem.swift */; };
		9F00C79B1DD8A77E00E982A1 /* PlayItemsService.swift in Sources */ = {isa = PBXBuildFile; fileRef = 9F00C79A1DD8A77E00E982A1 /* PlayItemsService.swift */; };
		9F52823F1DEB01890095CB6B /* ZLSwipeableViewSwift.framework in Frameworks */ = {isa = PBXBuildFile; fileRef = 9F52823D1DEB00830095CB6B /* ZLSwipeableViewSwift.framework */; };
		9F5282421DEB0D0D0095CB6B /* SwipeableViewController.swift in Sources */ = {isa = PBXBuildFile; fileRef = 9F5282411DEB0D0D0095CB6B /* SwipeableViewController.swift */; };
		9FFEAFCB1DEC7D730056442D /* CardView.swift in Sources */ = {isa = PBXBuildFile; fileRef = 9FFEAFCA1DEC7D730056442D /* CardView.swift */; };
		9FFEAFCD1DEC80B40056442D /* Cartography.framework in Frameworks */ = {isa = PBXBuildFile; fileRef = 9FFEAFCC1DEC80B40056442D /* Cartography.framework */; };
/* End PBXBuildFile section */

/* Begin PBXFileReference section */
		9F00C7831DD8A54700E982A1 /* playphone.app */ = {isa = PBXFileReference; explicitFileType = wrapper.application; includeInIndex = 0; path = playphone.app; sourceTree = BUILT_PRODUCTS_DIR; };
		9F00C7861DD8A54700E982A1 /* AppDelegate.swift */ = {isa = PBXFileReference; lastKnownFileType = sourcecode.swift; path = AppDelegate.swift; sourceTree = "<group>"; };
		9F00C7881DD8A54700E982A1 /* ViewController.swift */ = {isa = PBXFileReference; lastKnownFileType = sourcecode.swift; path = ViewController.swift; sourceTree = "<group>"; };
		9F00C78B1DD8A54700E982A1 /* Base */ = {isa = PBXFileReference; lastKnownFileType = file.storyboard; name = Base; path = Base.lproj/Main.storyboard; sourceTree = "<group>"; };
		9F00C78D1DD8A54700E982A1 /* Assets.xcassets */ = {isa = PBXFileReference; lastKnownFileType = folder.assetcatalog; path = Assets.xcassets; sourceTree = "<group>"; };
		9F00C7901DD8A54700E982A1 /* Base */ = {isa = PBXFileReference; lastKnownFileType = file.storyboard; name = Base; path = Base.lproj/LaunchScreen.storyboard; sourceTree = "<group>"; };
		9F00C7921DD8A54700E982A1 /* Info.plist */ = {isa = PBXFileReference; lastKnownFileType = text.plist.xml; path = Info.plist; sourceTree = "<group>"; };
		9F00C7981DD8A6A600E982A1 /* PlayItem.swift */ = {isa = PBXFileReference; fileEncoding = 4; lastKnownFileType = sourcecode.swift; name = PlayItem.swift; path = ../PlayItem.swift; sourceTree = "<group>"; };
		9F00C79A1DD8A77E00E982A1 /* PlayItemsService.swift */ = {isa = PBXFileReference; fileEncoding = 4; lastKnownFileType = sourcecode.swift; name = PlayItemsService.swift; path = ../PlayItemsService.swift; sourceTree = "<group>"; };
		9F52823D1DEB00830095CB6B /* ZLSwipeableViewSwift.framework */ = {isa = PBXFileReference; lastKnownFileType = wrapper.framework; name = ZLSwipeableViewSwift.framework; path = Carthage/Build/iOS/ZLSwipeableViewSwift.framework; sourceTree = "<group>"; };
		9F5282411DEB0D0D0095CB6B /* SwipeableViewController.swift */ = {isa = PBXFileReference; fileEncoding = 4; lastKnownFileType = sourcecode.swift; path = SwipeableViewController.swift; sourceTree = "<group>"; };
		9FFEAFCA1DEC7D730056442D /* CardView.swift */ = {isa = PBXFileReference; fileEncoding = 4; lastKnownFileType = sourcecode.swift; path = CardView.swift; sourceTree = "<group>"; };
		9FFEAFCC1DEC80B40056442D /* Cartography.framework */ = {isa = PBXFileReference; lastKnownFileType = wrapper.framework; name = Cartography.framework; path = Carthage/Build/iOS/Cartography.framework; sourceTree = "<group>"; };
/* End PBXFileReference section */

/* Begin PBXFrameworksBuildPhase section */
		9F00C7801DD8A54700E982A1 /* Frameworks */ = {
			isa = PBXFrameworksBuildPhase;
			buildActionMask = 2147483647;
			files = (
				9FFEAFCD1DEC80B40056442D /* Cartography.framework in Frameworks */,
				9F52823F1DEB01890095CB6B /* ZLSwipeableViewSwift.framework in Frameworks */,
			);
			runOnlyForDeploymentPostprocessing = 0;
		};
/* End PBXFrameworksBuildPhase section */

/* Begin PBXGroup section */
		9F00C77A1DD8A54700E982A1 = {
			isa = PBXGroup;
			children = (
				9F00C7851DD8A54700E982A1 /* playphone */,
				9F00C7841DD8A54700E982A1 /* Products */,
				9F52823C1DEB00830095CB6B /* Frameworks */,
			);
			sourceTree = "<group>";
		};
		9F00C7841DD8A54700E982A1 /* Products */ = {
			isa = PBXGroup;
			children = (
				9F00C7831DD8A54700E982A1 /* playphone.app */,
			);
			name = Products;
			sourceTree = "<group>";
		};
		9F00C7851DD8A54700E982A1 /* playphone */ = {
			isa = PBXGroup;
			children = (
				9F00C7981DD8A6A600E982A1 /* PlayItem.swift */,
				9F00C79A1DD8A77E00E982A1 /* PlayItemsService.swift */,
				9F00C7861DD8A54700E982A1 /* AppDelegate.swift */,
				9F00C7881DD8A54700E982A1 /* ViewController.swift */,
				9F00C78A1DD8A54700E982A1 /* Main.storyboard */,
				9F00C78D1DD8A54700E982A1 /* Assets.xcassets */,
				9F00C78F1DD8A54700E982A1 /* LaunchScreen.storyboard */,
				9F00C7921DD8A54700E982A1 /* Info.plist */,
				9F5282411DEB0D0D0095CB6B /* SwipeableViewController.swift */,
				9FFEAFCA1DEC7D730056442D /* CardView.swift */,
			);
			path = playphone;
			sourceTree = "<group>";
		};
		9F52823C1DEB00830095CB6B /* Frameworks */ = {
			isa = PBXGroup;
			children = (
				9FFEAFCC1DEC80B40056442D /* Cartography.framework */,
				9F52823D1DEB00830095CB6B /* ZLSwipeableViewSwift.framework */,
			);
			name = Frameworks;
			sourceTree = "<group>";
		};
/* End PBXGroup section */

/* Begin PBXNativeTarget section */
		9F00C7821DD8A54700E982A1 /* playphone */ = {
			isa = PBXNativeTarget;
			buildConfigurationList = 9F00C7951DD8A54700E982A1 /* Build configuration list for PBXNativeTarget "playphone" */;
			buildPhases = (
				9F00C77F1DD8A54700E982A1 /* Sources */,
				9F00C7801DD8A54700E982A1 /* Frameworks */,
				9F00C7811DD8A54700E982A1 /* Resources */,
				9F5282401DEB01A60095CB6B /* ShellScript */,
			);
			buildRules = (
			);
			dependencies = (
			);
			name = playphone;
			productName = playphone;
			productReference = 9F00C7831DD8A54700E982A1 /* playphone.app */;
			productType = "com.apple.product-type.application";
		};
/* End PBXNativeTarget section */

/* Begin PBXProject section */
		9F00C77B1DD8A54700E982A1 /* Project object */ = {
			isa = PBXProject;
			attributes = {
				LastSwiftUpdateCheck = 0800;
				LastUpgradeCheck = 0800;
				ORGANIZATIONNAME = playphone;
				TargetAttributes = {
					9F00C7821DD8A54700E982A1 = {
						CreatedOnToolsVersion = 8.0;
						DevelopmentTeam = 9P9KJHA58S;
						ProvisioningStyle = Automatic;
					};
				};
			};
			buildConfigurationList = 9F00C77E1DD8A54700E982A1 /* Build configuration list for PBXProject "playphone" */;
			compatibilityVersion = "Xcode 3.2";
			developmentRegion = English;
			hasScannedForEncodings = 0;
			knownRegions = (
				en,
				Base,
			);
			mainGroup = 9F00C77A1DD8A54700E982A1;
			productRefGroup = 9F00C7841DD8A54700E982A1 /* Products */;
			projectDirPath = "";
			projectRoot = "";
			targets = (
				9F00C7821DD8A54700E982A1 /* playphone */,
			);
		};
/* End PBXProject section */

/* Begin PBXResourcesBuildPhase section */
		9F00C7811DD8A54700E982A1 /* Resources */ = {
			isa = PBXResourcesBuildPhase;
			buildActionMask = 2147483647;
			files = (
				9F00C7911DD8A54700E982A1 /* LaunchScreen.storyboard in Resources */,
				9F00C78E1DD8A54700E982A1 /* Assets.xcassets in Resources */,
				9F00C78C1DD8A54700E982A1 /* Main.storyboard in Resources */,
			);
			runOnlyForDeploymentPostprocessing = 0;
		};
/* End PBXResourcesBuildPhase section */

/* Begin PBXShellScriptBuildPhase section */
		9F5282401DEB01A60095CB6B /* ShellScript */ = {
			isa = PBXShellScriptBuildPhase;
			buildActionMask = 2147483647;
			files = (
			);
			inputPaths = (
				"$(SRCROOT)/Carthage/Build/iOS/ZLSwipeableViewSwift.framework",
				"$(SRCROOT)/Carthage/Build/iOS/Cartography.framework",
			);
			outputPaths = (
			);
			runOnlyForDeploymentPostprocessing = 0;
			shellPath = /bin/sh;
			shellScript = "/usr/local/bin/carthage copy-frameworks";
		};
/* End PBXShellScriptBuildPhase section */

/* Begin PBXSourcesBuildPhase section */
		9F00C77F1DD8A54700E982A1 /* Sources */ = {
			isa = PBXSourcesBuildPhase;
			buildActionMask = 2147483647;
			files = (
				9F00C7891DD8A54700E982A1 /* ViewController.swift in Sources */,
				9F00C7991DD8A6A600E982A1 /* PlayItem.swift in Sources */,
				9F00C79B1DD8A77E00E982A1 /* PlayItemsService.swift in Sources */,
				9F5282421DEB0D0D0095CB6B /* SwipeableViewController.swift in Sources */,
				9FFEAFCB1DEC7D730056442D /* CardView.swift in Sources */,
				9F00C7871DD8A54700E982A1 /* AppDelegate.swift in Sources */,
			);
			runOnlyForDeploymentPostprocessing = 0;
		};
/* End PBXSourcesBuildPhase section */

/* Begin PBXVariantGroup section */
		9F00C78A1DD8A54700E982A1 /* Main.storyboard */ = {
			isa = PBXVariantGroup;
			children = (
				9F00C78B1DD8A54700E982A1 /* Base */,
			);
			name = Main.storyboard;
			sourceTree = "<group>";
		};
		9F00C78F1DD8A54700E982A1 /* LaunchScreen.storyboard */ = {
			isa = PBXVariantGroup;
			children = (
				9F00C7901DD8A54700E982A1 /* Base */,
			);
			name = LaunchScreen.storyboard;
			sourceTree = "<group>";
		};
/* End PBXVariantGroup section */

/* Begin XCBuildConfiguration section */
		9F00C7931DD8A54700E982A1 /* Debug */ = {
			isa = XCBuildConfiguration;
			buildSettings = {
				ALWAYS_SEARCH_USER_PATHS = NO;
				CLANG_ANALYZER_NONNULL = YES;
				CLANG_CXX_LANGUAGE_STANDARD = "gnu++0x";
				CLANG_CXX_LIBRARY = "libc++";
				CLANG_ENABLE_MODULES = YES;
				CLANG_ENABLE_OBJC_ARC = YES;
				CLANG_WARN_BOOL_CONVERSION = YES;
				CLANG_WARN_CONSTANT_CONVERSION = YES;
				CLANG_WARN_DIRECT_OBJC_ISA_USAGE = YES_ERROR;
				CLANG_WARN_DOCUMENTATION_COMMENTS = YES;
				CLANG_WARN_EMPTY_BODY = YES;
				CLANG_WARN_ENUM_CONVERSION = YES;
				CLANG_WARN_INFINITE_RECURSION = YES;
				CLANG_WARN_INT_CONVERSION = YES;
				CLANG_WARN_OBJC_ROOT_CLASS = YES_ERROR;
				CLANG_WARN_SUSPICIOUS_MOVES = YES;
				CLANG_WARN_UNREACHABLE_CODE = YES;
				CLANG_WARN__DUPLICATE_METHOD_MATCH = YES;
				"CODE_SIGN_IDENTITY[sdk=iphoneos*]" = "iPhone Developer";
				COPY_PHASE_STRIP = NO;
				DEBUG_INFORMATION_FORMAT = dwarf;
				ENABLE_STRICT_OBJC_MSGSEND = YES;
				ENABLE_TESTABILITY = YES;
				GCC_C_LANGUAGE_STANDARD = gnu99;
				GCC_DYNAMIC_NO_PIC = NO;
				GCC_NO_COMMON_BLOCKS = YES;
				GCC_OPTIMIZATION_LEVEL = 0;
				GCC_PREPROCESSOR_DEFINITIONS = (
					"DEBUG=1",
					"$(inherited)",
				);
				GCC_WARN_64_TO_32_BIT_CONVERSION = YES;
				GCC_WARN_ABOUT_RETURN_TYPE = YES_ERROR;
				GCC_WARN_UNDECLARED_SELECTOR = YES;
				GCC_WARN_UNINITIALIZED_AUTOS = YES_AGGRESSIVE;
				GCC_WARN_UNUSED_FUNCTION = YES;
				GCC_WARN_UNUSED_VARIABLE = YES;
				IPHONEOS_DEPLOYMENT_TARGET = 10.0;
				MTL_ENABLE_DEBUG_INFO = YES;
				ONLY_ACTIVE_ARCH = YES;
				SDKROOT = iphoneos;
				SWIFT_ACTIVE_COMPILATION_CONDITIONS = DEBUG;
				SWIFT_OPTIMIZATION_LEVEL = "-Onone";
				TARGETED_DEVICE_FAMILY = "1,2";
			};
			name = Debug;
		};
		9F00C7941DD8A54700E982A1 /* Release */ = {
			isa = XCBuildConfiguration;
			buildSettings = {
				ALWAYS_SEARCH_USER_PATHS = NO;
				CLANG_ANALYZER_NONNULL = YES;
				CLANG_CXX_LANGUAGE_STANDARD = "gnu++0x";
				CLANG_CXX_LIBRARY = "libc++";
				CLANG_ENABLE_MODULES = YES;
				CLANG_ENABLE_OBJC_ARC = YES;
				CLANG_WARN_BOOL_CONVERSION = YES;
				CLANG_WARN_CONSTANT_CONVERSION = YES;
				CLANG_WARN_DIRECT_OBJC_ISA_USAGE = YES_ERROR;
				CLANG_WARN_DOCUMENTATION_COMMENTS = YES;
				CLANG_WARN_EMPTY_BODY = YES;
				CLANG_WARN_ENUM_CONVERSION = YES;
				CLANG_WARN_INFINITE_RECURSION = YES;
				CLANG_WARN_INT_CONVERSION = YES;
				CLANG_WARN_OBJC_ROOT_CLASS = YES_ERROR;
				CLANG_WARN_SUSPICIOUS_MOVES = YES;
				CLANG_WARN_UNREACHABLE_CODE = YES;
				CLANG_WARN__DUPLICATE_METHOD_MATCH = YES;
				"CODE_SIGN_IDENTITY[sdk=iphoneos*]" = "iPhone Developer";
				COPY_PHASE_STRIP = NO;
				DEBUG_INFORMATION_FORMAT = "dwarf-with-dsym";
				ENABLE_NS_ASSERTIONS = NO;
				ENABLE_STRICT_OBJC_MSGSEND = YES;
				GCC_C_LANGUAGE_STANDARD = gnu99;
				GCC_NO_COMMON_BLOCKS = YES;
				GCC_WARN_64_TO_32_BIT_CONVERSION = YES;
				GCC_WARN_ABOUT_RETURN_TYPE = YES_ERROR;
				GCC_WARN_UNDECLARED_SELECTOR = YES;
				GCC_WARN_UNINITIALIZED_AUTOS = YES_AGGRESSIVE;
				GCC_WARN_UNUSED_FUNCTION = YES;
				GCC_WARN_UNUSED_VARIABLE = YES;
				IPHONEOS_DEPLOYMENT_TARGET = 10.0;
				MTL_ENABLE_DEBUG_INFO = NO;
				SDKROOT = iphoneos;
				SWIFT_OPTIMIZATION_LEVEL = "-Owholemodule";
				TARGETED_DEVICE_FAMILY = "1,2";
				VALIDATE_PRODUCT = YES;
			};
			name = Release;
		};
		9F00C7961DD8A54700E982A1 /* Debug */ = {
			isa = XCBuildConfiguration;
			buildSettings = {
				ASSETCATALOG_COMPILER_APPICON_NAME = AppIcon;
				DEVELOPMENT_TEAM = 9P9KJHA58S;
				FRAMEWORK_SEARCH_PATHS = (
					"$(inherited)",
					"$(PROJECT_DIR)/Carthage/Build/iOS",
				);
				INFOPLIST_FILE = playphone/Info.plist;
				LD_RUNPATH_SEARCH_PATHS = "$(inherited) @executable_path/Frameworks";
				PRODUCT_BUNDLE_IDENTIFIER = com.playphone.playphone;
				PRODUCT_NAME = "$(TARGET_NAME)";
				SWIFT_VERSION = 3.0;
			};
			name = Debug;
		};
		9F00C7971DD8A54700E982A1 /* Release */ = {
			isa = XCBuildConfiguration;
			buildSettings = {
				ASSETCATALOG_COMPILER_APPICON_NAME = AppIcon;
				DEVELOPMENT_TEAM = 9P9KJHA58S;
				FRAMEWORK_SEARCH_PATHS = (
					"$(inherited)",
					"$(PROJECT_DIR)/Carthage/Build/iOS",
				);
				INFOPLIST_FILE = playphone/Info.plist;
				LD_RUNPATH_SEARCH_PATHS = "$(inherited) @executable_path/Frameworks";
				PRODUCT_BUNDLE_IDENTIFIER = com.playphone.playphone;
				PRODUCT_NAME = "$(TARGET_NAME)";
				SWIFT_VERSION = 3.0;
			};
			name = Release;
		};
/* End XCBuildConfiguration section */

/* Begin XCConfigurationList section */
		9F00C77E1DD8A54700E982A1 /* Build configuration list for PBXProject "playphone" */ = {
			isa = XCConfigurationList;
			buildConfigurations = (
				9F00C7931DD8A54700E982A1 /* Debug */,
				9F00C7941DD8A54700E982A1 /* Release */,
			);
			defaultConfigurationIsVisible = 0;
			defaultConfigurationName = Release;
		};
		9F00C7951DD8A54700E982A1 /* Build configuration list for PBXNativeTarget "playphone" */ = {
			isa = XCConfigurationList;
			buildConfigurations = (
				9F00C7961DD8A54700E982A1 /* Debug */,
				9F00C7971DD8A54700E982A1 /* Release */,
			);
			defaultConfigurationIsVisible = 0;
			defaultConfigurationName = Release;
		};
/* End XCConfigurationList section */
	};
	rootObject = 9F00C77B1DD8A54700E982A1 /* Project object */;
}
